
Microsoft Visual Studio Solution File, Format Version 12.00
# Visual Studio 15
VisualStudioVersion = 15.0.27703.2042
MinimumVisualStudioVersion = 10.0.40219.1
Project("{FAE04EC0-301F-11D3-BF4B-00C04F79EFBC}") = "C-Box", "C-Box .NET Utilities\C-Box.csproj", "{27E39DEF-62A8-428A-A99A-2D3B5C164F40}"
EndProject
Project("{FAE04EC0-301F-11D3-BF4B-00C04F79EFBC}") = "Test", "Test\Test.csproj", "{84A53BCD-B9F9-4B45-A7E5-9ABC8B51B7D5}"
EndProject
Global
	GlobalSection(SolutionConfigurationPlatforms) = preSolution
		Debug|Any CPU = Debug|Any CPU
		Release|Any CPU = Release|Any CPU
	EndGlobalSection
	GlobalSection(ProjectConfigurationPlatforms) = postSolution
		{27E39DEF-62A8-428A-A99A-2D3B5C164F40}.Debug|Any CPU.ActiveCfg = Debug|Any CPU
		{27E39DEF-62A8-428A-A99A-2D3B5C164F40}.Debug|Any CPU.Build.0 = Debug|Any CPU
		{27E39DEF-62A8-428A-A99A-2D3B5C164F40}.Release|Any CPU.ActiveCfg = Release|Any CPU
		{27E39DEF-62A8-428A-A99A-2D3B5C164F40}.Release|Any CPU.Build.0 = Release|Any CPU
		{84A53BCD-B9F9-4B45-A7E5-9ABC8B51B7D5}.Debug|Any CPU.ActiveCfg = Debug|Any CPU
		{84A53BCD-B9F9-4B45-A7E5-9ABC8B51B7D5}.Debug|Any CPU.Build.0 = Debug|Any CPU
		{84A53BCD-B9F9-4B45-A7E5-9ABC8B51B7D5}.Release|Any CPU.ActiveCfg = Release|Any CPU
		{84A53BCD-B9F9-4B45-A7E5-9ABC8B51B7D5}.Release|Any CPU.Build.0 = Release|Any CPU
	EndGlobalSection
	GlobalSection(SolutionProperties) = preSolution
		HideSolutionNode = FALSE
	EndGlobalSection
	GlobalSection(ExtensibilityGlobals) = postSolution
		SolutionGuid = {F1CD88B9-4FE1-4BC7-8087-1532DAD16E74}
	EndGlobalSection
EndGlobal
